# TRACEBIND Catalog Lockfile
# Generated UTC: 2026-07-27T12:53:36.867406Z
# Status: UNLOCKED_AUDIT_FAILED

TRACEBIND_VERSION = "1.0.0"
CATALOG_VERSION = "1.0"
AUDIT_STATUS = "FAIL"

[HASHES]
SELECTION_RULES_SHA256 = "048bf99ce6155cf0de805a33d3e83147211b7da88e6fbd7216b9ccc99699f1a8"
SOURCES_SHA256 = "5096023ede10aebf4e26fc0c9cc1a404308b433c327184867940fb99e7f86d39"
CATALOG_SCHEMA_SHA256 = "50490ba91dbeca2f5597c3e1b1e1a26d8720fd40ea3bf8503d1b3e8844876c82"
CATALOG_JSON_SHA256 = "63422adc4596e68bf64301782cc555e656ce401045b659bd6c806e78c3f82719"
CATALOG_AUDIT_SHA256 = "bdc15457eaa1aa15e94a58fb921da321f350176388e0d73ba7effa6a31371154"
